{
  "name": "benefits-enrollment",
  "lockfileVersion": 3,
  "requires": true,
  "packages": {
    "": {
      "name": "benefits-enrollment",
      "devDependencies": {
        "taxpert": "file:../taxpert/packages/ui"
      }
    },
    "../taxpert/packages/ui": {
      "name": "taxpert",
      "version": "0.1.0",
      "dev": true,
      "license": "UNLICENSED",
      "devDependencies": {
        "eslint": "^9.39.1",
        "eslint-plugin-react": "^7.35.0",
        "eslint-plugin-security": "^3.0.1",
        "globals": "^15.9.0",
        "jsdom": "^29.1.1",
        "neostandard": "^0.12.2"
      }
    },
    "node_modules/taxpert": {
      "resolved": "../taxpert/packages/ui",
      "link": true
    }
  }
}
